// !$*UTF8*$!
{
	archiveVersion = 1;
	classes = {
	};
	objectVersion = 56;
	objects = {

/* Begin PBXBuildFile section */
		A10000000000000000000001 /* SampleRateSwitcherApp.swift in Sources */ = {isa = PBXBuildFile; fileRef = A20000000000000000000001 /* SampleRateSwitcherApp.swift */; };
		A10000000000000000000002 /* SampleRateModel.swift in Sources */ = {isa = PBXBuildFile; fileRef = A20000000000000000000002 /* SampleRateModel.swift */; };
		A10000000000000000000003 /* MusicController.swift in Sources */ = {isa = PBXBuildFile; fileRef = A20000000000000000000003 /* MusicController.swift */; };
		A10000000000000000000004 /* AudioDeviceController.swift in Sources */ = {isa = PBXBuildFile; fileRef = A20000000000000000000004 /* AudioDeviceController.swift */; };
		A10000000000000000000005 /* MediaRemoteController.swift in Sources */ = {isa = PBXBuildFile; fileRef = A20000000000000000000008 /* MediaRemoteController.swift */; };
		A10000000000000000000006 /* MediaAuthorizationController.swift in Sources */ = {isa = PBXBuildFile; fileRef = A20000000000000000000009 /* MediaAuthorizationController.swift */; };
		A10000000000000000000007 /* LogStreamController.swift in Sources */ = {isa = PBXBuildFile; fileRef = A20000000000000000000010 /* LogStreamController.swift */; };
		A10000000000000000000008 /* GlassPanelView.swift in Sources */ = {isa = PBXBuildFile; fileRef = A20000000000000000000011 /* GlassPanelView.swift */; };
		A10000000000000000000009 /* AppIcon.icon in Resources */ = {isa = PBXBuildFile; fileRef = A20000000000000000000012 /* AppIcon.icon */; };
		A10000000000000000000010 /* InfoPlist.strings in Resources */ = {isa = PBXBuildFile; fileRef = A90000000000000000000001 /* InfoPlist.strings */; };
		A10000000000000000000011 /* PEQModels.swift in Sources */ = {isa = PBXBuildFile; fileRef = A20000000000000000000016 /* PEQModels.swift */; };
		A10000000000000000000012 /* Biquad.swift in Sources */ = {isa = PBXBuildFile; fileRef = A20000000000000000000017 /* Biquad.swift */; };
		A10000000000000000000013 /* AutoEQParser.swift in Sources */ = {isa = PBXBuildFile; fileRef = A20000000000000000000018 /* AutoEQParser.swift */; };
		A10000000000000000000014 /* BiquadProcessor.swift in Sources */ = {isa = PBXBuildFile; fileRef = A20000000000000000000019 /* BiquadProcessor.swift */; };
		A10000000000000000000015 /* ProcessTapEngine.swift in Sources */ = {isa = PBXBuildFile; fileRef = A20000000000000000000020 /* ProcessTapEngine.swift */; };
		A10000000000000000000016 /* EQModel.swift in Sources */ = {isa = PBXBuildFile; fileRef = A20000000000000000000021 /* EQModel.swift */; };
		A10000000000000000000017 /* EQView.swift in Sources */ = {isa = PBXBuildFile; fileRef = A20000000000000000000022 /* EQView.swift */; };
		A10000000000000000000018 /* SpectrumAnalyzer.swift in Sources */ = {isa = PBXBuildFile; fileRef = A20000000000000000000023 /* SpectrumAnalyzer.swift */; };
		A10000000000000000000019 /* Localizable.strings in Resources */ = {isa = PBXBuildFile; fileRef = A90000000000000000000002 /* Localizable.strings */; };
		B10000000000000000000001 /* PEQDspRegressionTests.swift in Sources */ = {isa = PBXBuildFile; fileRef = B20000000000000000000001 /* PEQDspRegressionTests.swift */; };
		B10000000000000000000002 /* PEQModels.swift in Sources */ = {isa = PBXBuildFile; fileRef = A20000000000000000000016 /* PEQModels.swift */; };
		B10000000000000000000003 /* Biquad.swift in Sources */ = {isa = PBXBuildFile; fileRef = A20000000000000000000017 /* Biquad.swift */; };
		B10000000000000000000004 /* BiquadProcessor.swift in Sources */ = {isa = PBXBuildFile; fileRef = A20000000000000000000019 /* BiquadProcessor.swift */; };
/* End PBXBuildFile section */

/* Begin PBXFileReference section */
		A20000000000000000000001 /* SampleRateSwitcherApp.swift */ = {isa = PBXFileReference; lastKnownFileType = sourcecode.swift; path = SampleRateSwitcherApp.swift; sourceTree = "<group>"; };
		A20000000000000000000002 /* SampleRateModel.swift */ = {isa = PBXFileReference; lastKnownFileType = sourcecode.swift; path = SampleRateModel.swift; sourceTree = "<group>"; };
		A20000000000000000000003 /* MusicController.swift */ = {isa = PBXFileReference; lastKnownFileType = sourcecode.swift; path = MusicController.swift; sourceTree = "<group>"; };
		A20000000000000000000004 /* AudioDeviceController.swift */ = {isa = PBXFileReference; lastKnownFileType = sourcecode.swift; path = AudioDeviceController.swift; sourceTree = "<group>"; };
		A20000000000000000000005 /* Info.plist */ = {isa = PBXFileReference; lastKnownFileType = text.plist.xml; path = Info.plist; sourceTree = "<group>"; };
		A20000000000000000000006 /* SampleRateSwitcher.app */ = {isa = PBXFileReference; explicitFileType = wrapper.application; path = SampleRateSwitcher.app; sourceTree = BUILT_PRODUCTS_DIR; };
		A20000000000000000000007 /* SampleRateSwitcher.entitlements */ = {isa = PBXFileReference; lastKnownFileType = text.plist.xml; path = SampleRateSwitcher.entitlements; sourceTree = "<group>"; };
		A20000000000000000000008 /* MediaRemoteController.swift */ = {isa = PBXFileReference; lastKnownFileType = sourcecode.swift; path = MediaRemoteController.swift; sourceTree = "<group>"; };
		A20000000000000000000009 /* MediaAuthorizationController.swift */ = {isa = PBXFileReference; lastKnownFileType = sourcecode.swift; path = MediaAuthorizationController.swift; sourceTree = "<group>"; };
		A20000000000000000000010 /* LogStreamController.swift */ = {isa = PBXFileReference; lastKnownFileType = sourcecode.swift; path = LogStreamController.swift; sourceTree = "<group>"; };
		A20000000000000000000011 /* GlassPanelView.swift */ = {isa = PBXFileReference; lastKnownFileType = sourcecode.swift; path = GlassPanelView.swift; sourceTree = "<group>"; };
		A20000000000000000000012 /* AppIcon.icon */ = {isa = PBXFileReference; lastKnownFileType = folder.iconcomposer.icon; path = AppIcon.icon; sourceTree = "<group>"; };
		A20000000000000000000013 /* zh-Hans */ = {isa = PBXFileReference; lastKnownFileType = text.plist.strings; name = "zh-Hans"; path = "zh-Hans.lproj/InfoPlist.strings"; sourceTree = "<group>"; };
		A20000000000000000000014 /* zh-Hant */ = {isa = PBXFileReference; lastKnownFileType = text.plist.strings; name = "zh-Hant"; path = "zh-Hant.lproj/InfoPlist.strings"; sourceTree = "<group>"; };
		A20000000000000000000015 /* ja */ = {isa = PBXFileReference; lastKnownFileType = text.plist.strings; name = ja; path = "ja.lproj/InfoPlist.strings"; sourceTree = "<group>"; };
		A20000000000000000000016 /* PEQModels.swift */ = {isa = PBXFileReference; lastKnownFileType = sourcecode.swift; path = PEQModels.swift; sourceTree = "<group>"; };
		A20000000000000000000017 /* Biquad.swift */ = {isa = PBXFileReference; lastKnownFileType = sourcecode.swift; path = Biquad.swift; sourceTree = "<group>"; };
		A20000000000000000000018 /* AutoEQParser.swift */ = {isa = PBXFileReference; lastKnownFileType = sourcecode.swift; path = AutoEQParser.swift; sourceTree = "<group>"; };
		A20000000000000000000019 /* BiquadProcessor.swift */ = {isa = PBXFileReference; lastKnownFileType = sourcecode.swift; path = BiquadProcessor.swift; sourceTree = "<group>"; };
		A20000000000000000000020 /* ProcessTapEngine.swift */ = {isa = PBXFileReference; lastKnownFileType = sourcecode.swift; path = ProcessTapEngine.swift; sourceTree = "<group>"; };
		A20000000000000000000021 /* EQModel.swift */ = {isa = PBXFileReference; lastKnownFileType = sourcecode.swift; path = EQModel.swift; sourceTree = "<group>"; };
		A20000000000000000000022 /* EQView.swift */ = {isa = PBXFileReference; lastKnownFileType = sourcecode.swift; path = EQView.swift; sourceTree = "<group>"; };
		A20000000000000000000023 /* SpectrumAnalyzer.swift */ = {isa = PBXFileReference; lastKnownFileType = sourcecode.swift; path = SpectrumAnalyzer.swift; sourceTree = "<group>"; };
		A20000000000000000000024 /* zh-Hans */ = {isa = PBXFileReference; lastKnownFileType = text.plist.strings; name = "zh-Hans"; path = "zh-Hans.lproj/Localizable.strings"; sourceTree = "<group>"; };
		A20000000000000000000025 /* zh-Hant */ = {isa = PBXFileReference; lastKnownFileType = text.plist.strings; name = "zh-Hant"; path = "zh-Hant.lproj/Localizable.strings"; sourceTree = "<group>"; };
		A20000000000000000000026 /* ja */ = {isa = PBXFileReference; lastKnownFileType = text.plist.strings; name = ja; path = "ja.lproj/Localizable.strings"; sourceTree = "<group>"; };
		B20000000000000000000001 /* PEQDspRegressionTests.swift */ = {isa = PBXFileReference; lastKnownFileType = sourcecode.swift; path = PEQDspRegressionTests.swift; sourceTree = "<group>"; };
		B20000000000000000000002 /* ChoritsuTests.xctest */ = {isa = PBXFileReference; explicitFileType = wrapper.cfbundle; path = ChoritsuTests.xctest; sourceTree = BUILT_PRODUCTS_DIR; };
/* End PBXFileReference section */

/* Begin PBXFrameworksBuildPhase section */
		A30000000000000000000001 /* Frameworks */ = {
			isa = PBXFrameworksBuildPhase;
			buildActionMask = 2147483647;
			files = (
			);
			runOnlyForDeploymentPostprocessing = 0;
		};
		B30000000000000000000001 /* Frameworks */ = {
			isa = PBXFrameworksBuildPhase;
			buildActionMask = 2147483647;
			files = (
			);
			runOnlyForDeploymentPostprocessing = 0;
		};
/* End PBXFrameworksBuildPhase section */

/* Begin PBXGroup section */
		A40000000000000000000001 = {
			isa = PBXGroup;
			children = (
				A40000000000000000000002 /*  */,
				B40000000000000000000001 /* Tests */,
				A40000000000000000000003 /* Products */,
			);
			sourceTree = "<group>";
		};
		A40000000000000000000002 /*  */ = {
			isa = PBXGroup;
			children = (
				A40000000000000000000010 /* App */,
				A40000000000000000000011 /* Views */,
				A40000000000000000000012 /* Models */,
				A40000000000000000000013 /* Audio */,
				A40000000000000000000014 /* EQ */,
				A40000000000000000000015 /* NowPlaying */,
				A20000000000000000000012 /* AppIcon.icon */,
				A90000000000000000000001 /* InfoPlist.strings */,
				A90000000000000000000002 /* Localizable.strings */,
				A20000000000000000000005 /* Info.plist */,
				A20000000000000000000007 /* SampleRateSwitcher.entitlements */,
			);
			name = "";
			sourceTree = "<group>";
		};
		A40000000000000000000010 /* App */ = {
			isa = PBXGroup;
			children = (
				A20000000000000000000001 /* SampleRateSwitcherApp.swift */,
			);
			path = App;
			sourceTree = "<group>";
		};
		A40000000000000000000011 /* Views */ = {
			isa = PBXGroup;
			children = (
				A20000000000000000000011 /* GlassPanelView.swift */,
				A20000000000000000000022 /* EQView.swift */,
			);
			path = Views;
			sourceTree = "<group>";
		};
		A40000000000000000000012 /* Models */ = {
			isa = PBXGroup;
			children = (
				A20000000000000000000002 /* SampleRateModel.swift */,
				A20000000000000000000021 /* EQModel.swift */,
			);
			path = Models;
			sourceTree = "<group>";
		};
		A40000000000000000000013 /* Audio */ = {
			isa = PBXGroup;
			children = (
				A20000000000000000000004 /* AudioDeviceController.swift */,
				A20000000000000000000020 /* ProcessTapEngine.swift */,
			);
			path = Audio;
			sourceTree = "<group>";
		};
		A40000000000000000000014 /* EQ */ = {
			isa = PBXGroup;
			children = (
				A20000000000000000000016 /* PEQModels.swift */,
				A20000000000000000000017 /* Biquad.swift */,
				A20000000000000000000019 /* BiquadProcessor.swift */,
				A20000000000000000000018 /* AutoEQParser.swift */,
				A20000000000000000000023 /* SpectrumAnalyzer.swift */,
			);
			path = EQ;
			sourceTree = "<group>";
		};
		A40000000000000000000015 /* NowPlaying */ = {
			isa = PBXGroup;
			children = (
				A20000000000000000000003 /* MusicController.swift */,
				A20000000000000000000008 /* MediaRemoteController.swift */,
				A20000000000000000000009 /* MediaAuthorizationController.swift */,
				A20000000000000000000010 /* LogStreamController.swift */,
			);
			path = NowPlaying;
			sourceTree = "<group>";
		};
		B40000000000000000000001 /* Tests */ = {
			isa = PBXGroup;
			children = (
				B20000000000000000000001 /* PEQDspRegressionTests.swift */,
			);
			path = Tests;
			sourceTree = "<group>";
		};
		A40000000000000000000003 /* Products */ = {
			isa = PBXGroup;
			children = (
				A20000000000000000000006 /* SampleRateSwitcher.app */,
				B20000000000000000000002 /* ChoritsuTests.xctest */,
			);
			name = Products;
			sourceTree = "<group>";
		};
/* End PBXGroup section */

/* Begin PBXNativeTarget section */
		A50000000000000000000001 /* SampleRateSwitcher */ = {
			isa = PBXNativeTarget;
			buildConfigurationList = A70000000000000000000002 /* Build configuration list for PBXNativeTarget "SampleRateSwitcher" */;
			buildPhases = (
				A30000000000000000000002 /* Sources */,
				A30000000000000000000001 /* Frameworks */,
				A30000000000000000000003 /* Resources */,
			);
			buildRules = (
			);
			dependencies = (
			);
			name = SampleRateSwitcher;
			productName = SampleRateSwitcher;
			productReference = A20000000000000000000006 /* SampleRateSwitcher.app */;
			productType = "com.apple.product-type.application";
		};
		B50000000000000000000001 /* ChoritsuTests */ = {
			isa = PBXNativeTarget;
			buildConfigurationList = B70000000000000000000001 /* Build configuration list for PBXNativeTarget "ChoritsuTests" */;
			buildPhases = (
				B30000000000000000000002 /* Sources */,
				B30000000000000000000001 /* Frameworks */,
				B30000000000000000000003 /* Resources */,
			);
			buildRules = (
			);
			dependencies = (
			);
			name = ChoritsuTests;
			productName = ChoritsuTests;
			productReference = B20000000000000000000002 /* ChoritsuTests.xctest */;
			productType = "com.apple.product-type.bundle.unit-test";
		};
/* End PBXNativeTarget section */

/* Begin PBXProject section */
		A60000000000000000000001 /* Project object */ = {
			isa = PBXProject;
			attributes = {
				LastUpgradeCheck = 1500;
			};
			buildConfigurationList = A70000000000000000000001 /* Build configuration list for PBXProject "SampleRateSwitcher" */;
			compatibilityVersion = "Xcode 14.0";
			developmentRegion = en;
			hasScannedForEncodings = 0;
			knownRegions = (
				en,
				Base,
				"zh-Hans",
				"zh-Hant",
				ja,
			);
			mainGroup = A40000000000000000000001;
			productRefGroup = A40000000000000000000003 /* Products */;
			projectDirPath = "";
			projectRoot = "";
			targets = (
				A50000000000000000000001 /* SampleRateSwitcher */,
				B50000000000000000000001 /* ChoritsuTests */,
			);
		};
/* End PBXProject section */

/* Begin PBXResourcesBuildPhase section */
		A30000000000000000000003 /* Resources */ = {
			isa = PBXResourcesBuildPhase;
			buildActionMask = 2147483647;
			files = (
				A10000000000000000000009 /* AppIcon.icon in Resources */,
				A10000000000000000000010 /* InfoPlist.strings in Resources */,
				A10000000000000000000019 /* Localizable.strings in Resources */,
			);
			runOnlyForDeploymentPostprocessing = 0;
		};
		B30000000000000000000003 /* Resources */ = {
			isa = PBXResourcesBuildPhase;
			buildActionMask = 2147483647;
			files = (
			);
			runOnlyForDeploymentPostprocessing = 0;
		};
/* End PBXResourcesBuildPhase section */

/* Begin PBXSourcesBuildPhase section */
		A30000000000000000000002 /* Sources */ = {
			isa = PBXSourcesBuildPhase;
			buildActionMask = 2147483647;
			files = (
				A10000000000000000000001 /* SampleRateSwitcherApp.swift in Sources */,
				A10000000000000000000002 /* SampleRateModel.swift in Sources */,
				A10000000000000000000003 /* MusicController.swift in Sources */,
				A10000000000000000000004 /* AudioDeviceController.swift in Sources */,
				A10000000000000000000005 /* MediaRemoteController.swift in Sources */,
				A10000000000000000000006 /* MediaAuthorizationController.swift in Sources */,
				A10000000000000000000007 /* LogStreamController.swift in Sources */,
				A10000000000000000000008 /* GlassPanelView.swift in Sources */,
				A10000000000000000000011 /* PEQModels.swift in Sources */,
				A10000000000000000000012 /* Biquad.swift in Sources */,
				A10000000000000000000013 /* AutoEQParser.swift in Sources */,
				A10000000000000000000014 /* BiquadProcessor.swift in Sources */,
				A10000000000000000000015 /* ProcessTapEngine.swift in Sources */,
				A10000000000000000000016 /* EQModel.swift in Sources */,
				A10000000000000000000017 /* EQView.swift in Sources */,
				A10000000000000000000018 /* SpectrumAnalyzer.swift in Sources */,
			);
			runOnlyForDeploymentPostprocessing = 0;
		};
		B30000000000000000000002 /* Sources */ = {
			isa = PBXSourcesBuildPhase;
			buildActionMask = 2147483647;
			files = (
				B10000000000000000000001 /* PEQDspRegressionTests.swift in Sources */,
				B10000000000000000000002 /* PEQModels.swift in Sources */,
				B10000000000000000000003 /* Biquad.swift in Sources */,
				B10000000000000000000004 /* BiquadProcessor.swift in Sources */,
			);
			runOnlyForDeploymentPostprocessing = 0;
		};
/* End PBXSourcesBuildPhase section */

/* Begin PBXVariantGroup section */
		A90000000000000000000001 /* InfoPlist.strings */ = {
			isa = PBXVariantGroup;
			children = (
				A20000000000000000000013 /* zh-Hans */,
				A20000000000000000000014 /* zh-Hant */,
				A20000000000000000000015 /* ja */,
			);
			name = InfoPlist.strings;
			sourceTree = "<group>";
		};
		A90000000000000000000002 /* Localizable.strings */ = {
			isa = PBXVariantGroup;
			children = (
				A20000000000000000000024 /* zh-Hans */,
				A20000000000000000000025 /* zh-Hant */,
				A20000000000000000000026 /* ja */,
			);
			name = Localizable.strings;
			sourceTree = "<group>";
		};
/* End PBXVariantGroup section */

/* Begin XCBuildConfiguration section */
		A80000000000000000000001 /* Debug */ = {
			isa = XCBuildConfiguration;
			buildSettings = {
				ALWAYS_SEARCH_USER_PATHS = NO;
				CLANG_ENABLE_MODULES = YES;
				CLANG_ENABLE_OBJC_ARC = YES;
				CODE_SIGN_ENTITLEMENTS = SampleRateSwitcher.entitlements;
				CODE_SIGN_STYLE = Automatic;
				COPY_PHASE_STRIP = NO;
				CURRENT_PROJECT_VERSION = 4;
				ASSETCATALOG_COMPILER_APPICON_NAME = AppIcon;
				DEBUG_INFORMATION_FORMAT = dwarf;
				DEVELOPMENT_TEAM = 68V557Q6A4;
				ENABLE_HARDENED_RUNTIME = YES;
				INFOPLIST_FILE = Info.plist;
				LD_RUNPATH_SEARCH_PATHS = (
					"$(inherited)",
					"@executable_path/../Frameworks",
				);
				MACOSX_DEPLOYMENT_TARGET = 26.0;
				MARKETING_VERSION = 2.1.0;
				PRODUCT_BUNDLE_IDENTIFIER = com.garykong.choritsu;
				PRODUCT_NAME = Choritsu;
				SWIFT_VERSION = 5.0;
			};
			name = Debug;
		};
		A80000000000000000000002 /* Release */ = {
			isa = XCBuildConfiguration;
			buildSettings = {
				ALWAYS_SEARCH_USER_PATHS = NO;
				CLANG_ENABLE_MODULES = YES;
				CLANG_ENABLE_OBJC_ARC = YES;
				CODE_SIGN_ENTITLEMENTS = SampleRateSwitcher.entitlements;
				CODE_SIGN_STYLE = Automatic;
				COPY_PHASE_STRIP = YES;
				CURRENT_PROJECT_VERSION = 4;
				ASSETCATALOG_COMPILER_APPICON_NAME = AppIcon;
				DEBUG_INFORMATION_FORMAT = dwarf;
				DEVELOPMENT_TEAM = 68V557Q6A4;
				ENABLE_HARDENED_RUNTIME = YES;
				INFOPLIST_FILE = Info.plist;
				LD_RUNPATH_SEARCH_PATHS = (
					"$(inherited)",
					"@executable_path/../Frameworks",
				);
				MACOSX_DEPLOYMENT_TARGET = 26.0;
				MARKETING_VERSION = 2.1.0;
				PRODUCT_BUNDLE_IDENTIFIER = com.garykong.choritsu;
				PRODUCT_NAME = Choritsu;
				SWIFT_VERSION = 5.0;
			};
			name = Release;
		};
		A80000000000000000000003 /* Debug */ = {
			isa = XCBuildConfiguration;
			buildSettings = {
				CODE_SIGN_STYLE = Automatic;
				DEVELOPMENT_TEAM = "";
				PRODUCT_NAME = "$(TARGET_NAME)";
				SWIFT_VERSION = 5.0;
			};
			name = Debug;
		};
		A80000000000000000000004 /* Release */ = {
			isa = XCBuildConfiguration;
			buildSettings = {
				CODE_SIGN_STYLE = Automatic;
				DEVELOPMENT_TEAM = "";
				PRODUCT_NAME = "$(TARGET_NAME)";
				SWIFT_VERSION = 5.0;
			};
			name = Release;
		};
		B80000000000000000000001 /* Debug */ = {
			isa = XCBuildConfiguration;
			buildSettings = {
				ALWAYS_SEARCH_USER_PATHS = NO;
				CODE_SIGN_STYLE = Automatic;
				GENERATE_INFOPLIST_FILE = YES;
				MACOSX_DEPLOYMENT_TARGET = 26.0;
				PRODUCT_BUNDLE_IDENTIFIER = com.garykong.choritsu.tests;
				PRODUCT_NAME = "$(TARGET_NAME)";
				SWIFT_VERSION = 5.0;
			};
			name = Debug;
		};
		B80000000000000000000002 /* Release */ = {
			isa = XCBuildConfiguration;
			buildSettings = {
				ALWAYS_SEARCH_USER_PATHS = NO;
				CODE_SIGN_STYLE = Automatic;
				GENERATE_INFOPLIST_FILE = YES;
				MACOSX_DEPLOYMENT_TARGET = 26.0;
				PRODUCT_BUNDLE_IDENTIFIER = com.garykong.choritsu.tests;
				PRODUCT_NAME = "$(TARGET_NAME)";
				SWIFT_VERSION = 5.0;
			};
			name = Release;
		};
/* End XCBuildConfiguration section */

/* Begin XCConfigurationList section */
		A70000000000000000000001 /* Build configuration list for PBXProject "SampleRateSwitcher" */ = {
			isa = XCConfigurationList;
			buildConfigurations = (
				A80000000000000000000003 /* Debug */,
				A80000000000000000000004 /* Release */,
			);
			defaultConfigurationIsVisible = 0;
			defaultConfigurationName = Debug;
		};
		A70000000000000000000002 /* Build configuration list for PBXNativeTarget "SampleRateSwitcher" */ = {
			isa = XCConfigurationList;
			buildConfigurations = (
				A80000000000000000000001 /* Debug */,
				A80000000000000000000002 /* Release */,
			);
			defaultConfigurationIsVisible = 0;
			defaultConfigurationName = Debug;
		};
		B70000000000000000000001 /* Build configuration list for PBXNativeTarget "ChoritsuTests" */ = {
			isa = XCConfigurationList;
			buildConfigurations = (
				B80000000000000000000001 /* Debug */,
				B80000000000000000000002 /* Release */,
			);
			defaultConfigurationIsVisible = 0;
			defaultConfigurationName = Debug;
		};
/* End XCConfigurationList section */
	};
	rootObject = A60000000000000000000001 /* Project object */;
}
